
Microsoft Visual Studio Solution File, Format Version 12.00
# Visual Studio Version 17
VisualStudioVersion = 17.8.34322.80
MinimumVisualStudioVersion = 10.0.40219.1
Project("{FAE04EC0-301F-11D3-BF4B-00C04F79EFBC}") = "EmployeeRegister", "EmployeeRegister\EmployeeRegister.csproj", "{DBE7D309-E8E3-4C86-AE3A-37FE3367D6F3}"
EndProject
Global
	GlobalSection(SolutionConfigurationPlatforms) = preSolution
		Debug|Any CPU = Debug|Any CPU
		Release|Any CPU = Release|Any CPU
	EndGlobalSection
	GlobalSection(ProjectConfigurationPlatforms) = postSolution
		{DBE7D309-E8E3-4C86-AE3A-37FE3367D6F3}.Debug|Any CPU.ActiveCfg = Debug|Any CPU
		{DBE7D309-E8E3-4C86-AE3A-37FE3367D6F3}.Debug|Any CPU.Build.0 = Debug|Any CPU
		{DBE7D309-E8E3-4C86-AE3A-37FE3367D6F3}.Release|Any CPU.ActiveCfg = Release|Any CPU
		{DBE7D309-E8E3-4C86-AE3A-37FE3367D6F3}.Release|Any CPU.Build.0 = Release|Any CPU
	EndGlobalSection
	GlobalSection(SolutionProperties) = preSolution
		HideSolutionNode = FALSE
	EndGlobalSection
	GlobalSection(ExtensibilityGlobals) = postSolution
		SolutionGuid = {6737579F-717D-46FF-BF19-17BE87D5EF35}
	EndGlobalSection
EndGlobal
